
Microsoft Visual Studio Solution File, Format Version 12.00
# Visual Studio Version 16
VisualStudioVersion = 16.0.31702.278
MinimumVisualStudioVersion = 10.0.40219.1
Project("{9A19103F-16F7-4668-BE54-9A1E7A4F7556}") = "AssemblyOne", "HW_02\AssemblyOne.csproj", "{7AE3E083-A05C-42C0-B927-8E53AC61BA9F}"
EndProject
Project("{9A19103F-16F7-4668-BE54-9A1E7A4F7556}") = "AssemblyTwo", "AssemblyTwo\AssemblyTwo.csproj", "{B8C29095-C1A5-430C-9A4E-CE3897224332}"
EndProject
Project("{FAE04EC0-301F-11D3-BF4B-00C04F79EFBC}") = "HW_01", "..\HW_01\HW_01.csproj", "{6CB90880-1B6D-4DB0-B7B9-01493C7987F6}"
EndProject
Project("{FAE04EC0-301F-11D3-BF4B-00C04F79EFBC}") = "HW_01(2)", "..\HW_01(2)\HW_01(2).csproj", "{10A53869-B541-4B29-B652-DDFF94A47AE7}"
EndProject
Global
	GlobalSection(SolutionConfigurationPlatforms) = preSolution
		Debug|Any CPU = Debug|Any CPU
		Release|Any CPU = Release|Any CPU
	EndGlobalSection
	GlobalSection(ProjectConfigurationPlatforms) = postSolution
		{7AE3E083-A05C-42C0-B927-8E53AC61BA9F}.Debug|Any CPU.ActiveCfg = Debug|Any CPU
		{7AE3E083-A05C-42C0-B927-8E53AC61BA9F}.Debug|Any CPU.Build.0 = Debug|Any CPU
		{7AE3E083-A05C-42C0-B927-8E53AC61BA9F}.Release|Any CPU.ActiveCfg = Release|Any CPU
		{7AE3E083-A05C-42C0-B927-8E53AC61BA9F}.Release|Any CPU.Build.0 = Release|Any CPU
		{B8C29095-C1A5-430C-9A4E-CE3897224332}.Debug|Any CPU.ActiveCfg = Debug|Any CPU
		{B8C29095-C1A5-430C-9A4E-CE3897224332}.Debug|Any CPU.Build.0 = Debug|Any CPU
		{B8C29095-C1A5-430C-9A4E-CE3897224332}.Release|Any CPU.ActiveCfg = Release|Any CPU
		{B8C29095-C1A5-430C-9A4E-CE3897224332}.Release|Any CPU.Build.0 = Release|Any CPU
		{6CB90880-1B6D-4DB0-B7B9-01493C7987F6}.Debug|Any CPU.ActiveCfg = Debug|Any CPU
		{6CB90880-1B6D-4DB0-B7B9-01493C7987F6}.Debug|Any CPU.Build.0 = Debug|Any CPU
		{6CB90880-1B6D-4DB0-B7B9-01493C7987F6}.Release|Any CPU.ActiveCfg = Release|Any CPU
		{6CB90880-1B6D-4DB0-B7B9-01493C7987F6}.Release|Any CPU.Build.0 = Release|Any CPU
		{10A53869-B541-4B29-B652-DDFF94A47AE7}.Debug|Any CPU.ActiveCfg = Debug|Any CPU
		{10A53869-B541-4B29-B652-DDFF94A47AE7}.Debug|Any CPU.Build.0 = Debug|Any CPU
		{10A53869-B541-4B29-B652-DDFF94A47AE7}.Release|Any CPU.ActiveCfg = Release|Any CPU
		{10A53869-B541-4B29-B652-DDFF94A47AE7}.Release|Any CPU.Build.0 = Release|Any CPU
	EndGlobalSection
	GlobalSection(SolutionProperties) = preSolution
		HideSolutionNode = FALSE
	EndGlobalSection
	GlobalSection(ExtensibilityGlobals) = postSolution
		SolutionGuid = {1557E9E7-F69C-4D63-9B10-363BFAA7F21D}
	EndGlobalSection
EndGlobal
